
Microsoft Visual Studio Solution File, Format Version 12.00
# Visual Studio Version 17
VisualStudioVersion = 17.0.31611.283
MinimumVisualStudioVersion = 10.0.40219.1
Project("{9A19103F-16F7-4668-BE54-9A1E7A4F7556}") = "COURSE_ASH", "COURSE_ASH.csproj", "{178722EE-8CBF-47DA-A796-4405654576A0}"
EndProject
Project("{9A19103F-16F7-4668-BE54-9A1E7A4F7556}") = "DataLibrary", "..\DataLibrary\DataLibrary.csproj", "{CFA36BF1-8C51-44EA-B536-0010EBB3C575}"
EndProject
Project("{9A19103F-16F7-4668-BE54-9A1E7A4F7556}") = "WebApplication1", "..\WebApplication1\WebApplication1.csproj", "{8F42713A-05A5-4E10-B08E-18B2F4CB3247}"
EndProject
Project("{FAE04EC0-301F-11D3-BF4B-00C04F79EFBC}") = "Maui.App.Framework", "..\Maui.App.Framework\Maui.App.Framework.csproj", "{0D3B0FD5-4B77-4F3D-811F-6A07BE7C653F}"
EndProject
Global
	GlobalSection(SolutionConfigurationPlatforms) = preSolution
		Debug|Any CPU = Debug|Any CPU
		Release|Any CPU = Release|Any CPU
	EndGlobalSection
	GlobalSection(ProjectConfigurationPlatforms) = postSolution
		{178722EE-8CBF-47DA-A796-4405654576A0}.Debug|Any CPU.ActiveCfg = Debug|Any CPU
		{178722EE-8CBF-47DA-A796-4405654576A0}.Debug|Any CPU.Build.0 = Debug|Any CPU
		{178722EE-8CBF-47DA-A796-4405654576A0}.Debug|Any CPU.Deploy.0 = Debug|Any CPU
		{178722EE-8CBF-47DA-A796-4405654576A0}.Release|Any CPU.ActiveCfg = Release|Any CPU
		{178722EE-8CBF-47DA-A796-4405654576A0}.Release|Any CPU.Build.0 = Release|Any CPU
		{178722EE-8CBF-47DA-A796-4405654576A0}.Release|Any CPU.Deploy.0 = Release|Any CPU
		{CFA36BF1-8C51-44EA-B536-0010EBB3C575}.Debug|Any CPU.ActiveCfg = Debug|Any CPU
		{CFA36BF1-8C51-44EA-B536-0010EBB3C575}.Debug|Any CPU.Build.0 = Debug|Any CPU
		{CFA36BF1-8C51-44EA-B536-0010EBB3C575}.Release|Any CPU.ActiveCfg = Release|Any CPU
		{CFA36BF1-8C51-44EA-B536-0010EBB3C575}.Release|Any CPU.Build.0 = Release|Any CPU
		{8F42713A-05A5-4E10-B08E-18B2F4CB3247}.Debug|Any CPU.ActiveCfg = Debug|Any CPU
		{8F42713A-05A5-4E10-B08E-18B2F4CB3247}.Debug|Any CPU.Build.0 = Debug|Any CPU
		{8F42713A-05A5-4E10-B08E-18B2F4CB3247}.Release|Any CPU.ActiveCfg = Release|Any CPU
		{8F42713A-05A5-4E10-B08E-18B2F4CB3247}.Release|Any CPU.Build.0 = Release|Any CPU
		{0D3B0FD5-4B77-4F3D-811F-6A07BE7C653F}.Debug|Any CPU.ActiveCfg = Debug|Any CPU
		{0D3B0FD5-4B77-4F3D-811F-6A07BE7C653F}.Debug|Any CPU.Build.0 = Debug|Any CPU
		{0D3B0FD5-4B77-4F3D-811F-6A07BE7C653F}.Release|Any CPU.ActiveCfg = Release|Any CPU
		{0D3B0FD5-4B77-4F3D-811F-6A07BE7C653F}.Release|Any CPU.Build.0 = Release|Any CPU
	EndGlobalSection
	GlobalSection(SolutionProperties) = preSolution
		HideSolutionNode = FALSE
	EndGlobalSection
	GlobalSection(ExtensibilityGlobals) = postSolution
		SolutionGuid = {61F7FB11-1E47-470C-91E2-47F8143E1572}
	EndGlobalSection
EndGlobal
